
Microsoft Visual Studio Solution File, Format Version 12.00
# Visual Studio Version 16
VisualStudioVersion = 16.0.30413.136
MinimumVisualStudioVersion = 10.0.40219.1
Project("{FAE04EC0-301F-11D3-BF4B-00C04F79EFBC}") = "fichaTecnica", "fichaTecnica\fichaTecnica.csproj", "{EEAA280D-BB68-4552-AAD3-C8D284947C4C}"
EndProject
Global
	GlobalSection(SolutionConfigurationPlatforms) = preSolution
		Debug|Any CPU = Debug|Any CPU
		Release|Any CPU = Release|Any CPU
	EndGlobalSection
	GlobalSection(ProjectConfigurationPlatforms) = postSolution
		{EEAA280D-BB68-4552-AAD3-C8D284947C4C}.Debug|Any CPU.ActiveCfg = Debug|Any CPU
		{EEAA280D-BB68-4552-AAD3-C8D284947C4C}.Debug|Any CPU.Build.0 = Debug|Any CPU
		{EEAA280D-BB68-4552-AAD3-C8D284947C4C}.Release|Any CPU.ActiveCfg = Release|Any CPU
		{EEAA280D-BB68-4552-AAD3-C8D284947C4C}.Release|Any CPU.Build.0 = Release|Any CPU
	EndGlobalSection
	GlobalSection(SolutionProperties) = preSolution
		HideSolutionNode = FALSE
	EndGlobalSection
	GlobalSection(ExtensibilityGlobals) = postSolution
		SolutionGuid = {4A385387-50DD-4E95-A38B-58B3995378A8}
	EndGlobalSection
EndGlobal
